
Microsoft Visual Studio Solution File, Format Version 12.00
# Visual Studio Version 17
VisualStudioVersion = 17.6.33829.357
MinimumVisualStudioVersion = 10.0.40219.1
Project("{FAE04EC0-301F-11D3-BF4B-00C04F79EFBC}") = "ChatServer", "ChatServer\ChatServer.csproj", "{7726D529-26D9-464D-A1AC-7E81E77FD6B5}"
EndProject
Project("{FAE04EC0-301F-11D3-BF4B-00C04F79EFBC}") = "ChatClient", "ChatClient\ChatClient.csproj", "{D840792C-D39E-447F-A700-7813750D1944}"
EndProject
Global
	GlobalSection(SolutionConfigurationPlatforms) = preSolution
		Debug|Any CPU = Debug|Any CPU
		Release|Any CPU = Release|Any CPU
	EndGlobalSection
	GlobalSection(ProjectConfigurationPlatforms) = postSolution
		{7726D529-26D9-464D-A1AC-7E81E77FD6B5}.Debug|Any CPU.ActiveCfg = Debug|Any CPU
		{7726D529-26D9-464D-A1AC-7E81E77FD6B5}.Debug|Any CPU.Build.0 = Debug|Any CPU
		{7726D529-26D9-464D-A1AC-7E81E77FD6B5}.Release|Any CPU.ActiveCfg = Release|Any CPU
		{7726D529-26D9-464D-A1AC-7E81E77FD6B5}.Release|Any CPU.Build.0 = Release|Any CPU
		{D840792C-D39E-447F-A700-7813750D1944}.Debug|Any CPU.ActiveCfg = Debug|Any CPU
		{D840792C-D39E-447F-A700-7813750D1944}.Debug|Any CPU.Build.0 = Debug|Any CPU
		{D840792C-D39E-447F-A700-7813750D1944}.Release|Any CPU.ActiveCfg = Release|Any CPU
		{D840792C-D39E-447F-A700-7813750D1944}.Release|Any CPU.Build.0 = Release|Any CPU
	EndGlobalSection
	GlobalSection(SolutionProperties) = preSolution
		HideSolutionNode = FALSE
	EndGlobalSection
	GlobalSection(ExtensibilityGlobals) = postSolution
		SolutionGuid = {B47A8F1E-6392-405D-BDA5-1C12109AE070}
	EndGlobalSection
EndGlobal
